// !$*UTF8*$!
{
	archiveVersion = 1;
	classes = {
	};
	objectVersion = 50;
	objects = {

/* Begin PBXBuildFile section */
		4945058924D345BE00EB8981 /* TestViewController.swift in Sources */ = {isa = PBXBuildFile; fileRef = 4945058824D345BE00EB8981 /* TestViewController.swift */; };
		4972771624D00891000D87F4 /* RatingControl.swift in Sources */ = {isa = PBXBuildFile; fileRef = 4972771524D00890000D87F4 /* RatingControl.swift */; };
		4972771824D03E55000D87F4 /* Meal.swift in Sources */ = {isa = PBXBuildFile; fileRef = 4972771724D03E55000D87F4 /* Meal.swift */; };
		4972771A24D06212000D87F4 /* MealTableViewCell.swift in Sources */ = {isa = PBXBuildFile; fileRef = 4972771924D06212000D87F4 /* MealTableViewCell.swift */; };
		4972771C24D0686E000D87F4 /* MealTableViewController.swift in Sources */ = {isa = PBXBuildFile; fileRef = 4972771B24D0686E000D87F4 /* MealTableViewController.swift */; };
		49A9CDF624CE32480061B963 /* AppDelegate.swift in Sources */ = {isa = PBXBuildFile; fileRef = 49A9CDF524CE32480061B963 /* AppDelegate.swift */; };
		49A9CDF824CE32480061B963 /* SceneDelegate.swift in Sources */ = {isa = PBXBuildFile; fileRef = 49A9CDF724CE32480061B963 /* SceneDelegate.swift */; };
		49A9CDFA24CE32480061B963 /* MealViewController.swift in Sources */ = {isa = PBXBuildFile; fileRef = 49A9CDF924CE32480061B963 /* MealViewController.swift */; };
		49A9CDFD24CE32480061B963 /* Main.storyboard in Resources */ = {isa = PBXBuildFile; fileRef = 49A9CDFB24CE32480061B963 /* Main.storyboard */; };
		49A9CDFF24CE32480061B963 /* Assets.xcassets in Resources */ = {isa = PBXBuildFile; fileRef = 49A9CDFE24CE32480061B963 /* Assets.xcassets */; };
		49A9CE0224CE32480061B963 /* LaunchScreen.storyboard in Resources */ = {isa = PBXBuildFile; fileRef = 49A9CE0024CE32480061B963 /* LaunchScreen.storyboard */; };
		49A9CE0D24CE32490061B963 /* HelloNewWorldTests.swift in Sources */ = {isa = PBXBuildFile; fileRef = 49A9CE0C24CE32490061B963 /* HelloNewWorldTests.swift */; };
/* End PBXBuildFile section */

/* Begin PBXContainerItemProxy section */
		49A9CE0924CE32490061B963 /* PBXContainerItemProxy */ = {
			isa = PBXContainerItemProxy;
			containerPortal = 49A9CDEA24CE32480061B963 /* Project object */;
			proxyType = 1;
			remoteGlobalIDString = 49A9CDF124CE32480061B963;
			remoteInfo = HelloNewWorld;
		};
/* End PBXContainerItemProxy section */

/* Begin PBXFileReference section */
		4945058824D345BE00EB8981 /* TestViewController.swift */ = {isa = PBXFileReference; lastKnownFileType = sourcecode.swift; path = TestViewController.swift; sourceTree = "<group>"; };
		4972771524D00890000D87F4 /* RatingControl.swift */ = {isa = PBXFileReference; lastKnownFileType = sourcecode.swift; path = RatingControl.swift; sourceTree = "<group>"; };
		4972771724D03E55000D87F4 /* Meal.swift */ = {isa = PBXFileReference; lastKnownFileType = sourcecode.swift; path = Meal.swift; sourceTree = "<group>"; };
		4972771924D06212000D87F4 /* MealTableViewCell.swift */ = {isa = PBXFileReference; lastKnownFileType = sourcecode.swift; path = MealTableViewCell.swift; sourceTree = "<group>"; };
		4972771B24D0686E000D87F4 /* MealTableViewController.swift */ = {isa = PBXFileReference; lastKnownFileType = sourcecode.swift; path = MealTableViewController.swift; sourceTree = "<group>"; };
		49A9CDF224CE32480061B963 /* HelloNewWorld.app */ = {isa = PBXFileReference; explicitFileType = wrapper.application; includeInIndex = 0; path = HelloNewWorld.app; sourceTree = BUILT_PRODUCTS_DIR; };
		49A9CDF524CE32480061B963 /* AppDelegate.swift */ = {isa = PBXFileReference; lastKnownFileType = sourcecode.swift; path = AppDelegate.swift; sourceTree = "<group>"; };
		49A9CDF724CE32480061B963 /* SceneDelegate.swift */ = {isa = PBXFileReference; lastKnownFileType = sourcecode.swift; path = SceneDelegate.swift; sourceTree = "<group>"; };
		49A9CDF924CE32480061B963 /* MealViewController.swift */ = {isa = PBXFileReference; lastKnownFileType = sourcecode.swift; path = MealViewController.swift; sourceTree = "<group>"; };
		49A9CDFC24CE32480061B963 /* Base */ = {isa = PBXFileReference; lastKnownFileType = file.storyboard; name = Base; path = Base.lproj/Main.storyboard; sourceTree = "<group>"; };
		49A9CDFE24CE32480061B963 /* Assets.xcassets */ = {isa = PBXFileReference; lastKnownFileType = folder.assetcatalog; path = Assets.xcassets; sourceTree = "<group>"; };
		49A9CE0124CE32480061B963 /* Base */ = {isa = PBXFileReference; lastKnownFileType = file.storyboard; name = Base; path = Base.lproj/LaunchScreen.storyboard; sourceTree = "<group>"; };
		49A9CE0324CE32480061B963 /* Info.plist */ = {isa = PBXFileReference; lastKnownFileType = text.plist.xml; path = Info.plist; sourceTree = "<group>"; };
		49A9CE0824CE32490061B963 /* HelloNewWorldTests.xctest */ = {isa = PBXFileReference; explicitFileType = wrapper.cfbundle; includeInIndex = 0; path = HelloNewWorldTests.xctest; sourceTree = BUILT_PRODUCTS_DIR; };
		49A9CE0C24CE32490061B963 /* HelloNewWorldTests.swift */ = {isa = PBXFileReference; lastKnownFileType = sourcecode.swift; path = HelloNewWorldTests.swift; sourceTree = "<group>"; };
		49A9CE0E24CE32490061B963 /* Info.plist */ = {isa = PBXFileReference; lastKnownFileType = text.plist.xml; path = Info.plist; sourceTree = "<group>"; };
/* End PBXFileReference section */

/* Begin PBXFrameworksBuildPhase section */
		49A9CDEF24CE32480061B963 /* Frameworks */ = {
			isa = PBXFrameworksBuildPhase;
			buildActionMask = 2147483647;
			files = (
			);
			runOnlyForDeploymentPostprocessing = 0;
		};
		49A9CE0524CE32490061B963 /* Frameworks */ = {
			isa = PBXFrameworksBuildPhase;
			buildActionMask = 2147483647;
			files = (
			);
			runOnlyForDeploymentPostprocessing = 0;
		};
/* End PBXFrameworksBuildPhase section */

/* Begin PBXGroup section */
		49A9CDE924CE32480061B963 = {
			isa = PBXGroup;
			children = (
				49A9CDF424CE32480061B963 /* HelloNewWorld */,
				49A9CE0B24CE32490061B963 /* HelloNewWorldTests */,
				49A9CDF324CE32480061B963 /* Products */,
			);
			sourceTree = "<group>";
		};
		49A9CDF324CE32480061B963 /* Products */ = {
			isa = PBXGroup;
			children = (
				49A9CDF224CE32480061B963 /* HelloNewWorld.app */,
				49A9CE0824CE32490061B963 /* HelloNewWorldTests.xctest */,
			);
			name = Products;
			sourceTree = "<group>";
		};
		49A9CDF424CE32480061B963 /* HelloNewWorld */ = {
			isa = PBXGroup;
			children = (
				49A9CDF524CE32480061B963 /* AppDelegate.swift */,
				49A9CDF724CE32480061B963 /* SceneDelegate.swift */,
				49A9CDF924CE32480061B963 /* MealViewController.swift */,
				4972771524D00890000D87F4 /* RatingControl.swift */,
				4972771B24D0686E000D87F4 /* MealTableViewController.swift */,
				4972771924D06212000D87F4 /* MealTableViewCell.swift */,
				4945058824D345BE00EB8981 /* TestViewController.swift */,
				49A9CDFB24CE32480061B963 /* Main.storyboard */,
				4972771724D03E55000D87F4 /* Meal.swift */,
				49A9CDFE24CE32480061B963 /* Assets.xcassets */,
				49A9CE0024CE32480061B963 /* LaunchScreen.storyboard */,
				49A9CE0324CE32480061B963 /* Info.plist */,
			);
			path = HelloNewWorld;
			sourceTree = "<group>";
		};
		49A9CE0B24CE32490061B963 /* HelloNewWorldTests */ = {
			isa = PBXGroup;
			children = (
				49A9CE0C24CE32490061B963 /* HelloNewWorldTests.swift */,
				49A9CE0E24CE32490061B963 /* Info.plist */,
			);
			path = HelloNewWorldTests;
			sourceTree = "<group>";
		};
/* End PBXGroup section */

/* Begin PBXNativeTarget section */
		49A9CDF124CE32480061B963 /* HelloNewWorld */ = {
			isa = PBXNativeTarget;
			buildConfigurationList = 49A9CE1124CE32490061B963 /* Build configuration list for PBXNativeTarget "HelloNewWorld" */;
			buildPhases = (
				49A9CDEE24CE32480061B963 /* Sources */,
				49A9CDEF24CE32480061B963 /* Frameworks */,
				49A9CDF024CE32480061B963 /* Resources */,
			);
			buildRules = (
			);
			dependencies = (
			);
			name = HelloNewWorld;
			productName = HelloNewWorld;
			productReference = 49A9CDF224CE32480061B963 /* HelloNewWorld.app */;
			productType = "com.apple.product-type.application";
		};
		49A9CE0724CE32490061B963 /* HelloNewWorldTests */ = {
			isa = PBXNativeTarget;
			buildConfigurationList = 49A9CE1424CE32490061B963 /* Build configuration list for PBXNativeTarget "HelloNewWorldTests" */;
			buildPhases = (
				49A9CE0424CE32490061B963 /* Sources */,
				49A9CE0524CE32490061B963 /* Frameworks */,
				49A9CE0624CE32490061B963 /* Resources */,
			);
			buildRules = (
			);
			dependencies = (
				49A9CE0A24CE32490061B963 /* PBXTargetDependency */,
			);
			name = HelloNewWorldTests;
			productName = HelloNewWorldTests;
			productReference = 49A9CE0824CE32490061B963 /* HelloNewWorldTests.xctest */;
			productType = "com.apple.product-type.bundle.unit-test";
		};
/* End PBXNativeTarget section */

/* Begin PBXProject section */
		49A9CDEA24CE32480061B963 /* Project object */ = {
			isa = PBXProject;
			attributes = {
				LastSwiftUpdateCheck = 1160;
				LastUpgradeCheck = 1160;
				ORGANIZATIONNAME = "Andrew Allen";
				TargetAttributes = {
					49A9CDF124CE32480061B963 = {
						CreatedOnToolsVersion = 11.6;
					};
					49A9CE0724CE32490061B963 = {
						CreatedOnToolsVersion = 11.6;
						TestTargetID = 49A9CDF124CE32480061B963;
					};
				};
			};
			buildConfigurationList = 49A9CDED24CE32480061B963 /* Build configuration list for PBXProject "HelloNewWorld" */;
			compatibilityVersion = "Xcode 9.3";
			developmentRegion = en;
			hasScannedForEncodings = 0;
			knownRegions = (
				en,
				Base,
			);
			mainGroup = 49A9CDE924CE32480061B963;
			productRefGroup = 49A9CDF324CE32480061B963 /* Products */;
			projectDirPath = "";
			projectRoot = "";
			targets = (
				49A9CDF124CE32480061B963 /* HelloNewWorld */,
				49A9CE0724CE32490061B963 /* HelloNewWorldTests */,
			);
		};
/* End PBXProject section */

/* Begin PBXResourcesBuildPhase section */
		49A9CDF024CE32480061B963 /* Resources */ = {
			isa = PBXResourcesBuildPhase;
			buildActionMask = 2147483647;
			files = (
				49A9CE0224CE32480061B963 /* LaunchScreen.storyboard in Resources */,
				49A9CDFF24CE32480061B963 /* Assets.xcassets in Resources */,
				49A9CDFD24CE32480061B963 /* Main.storyboard in Resources */,
			);
			runOnlyForDeploymentPostprocessing = 0;
		};
		49A9CE0624CE32490061B963 /* Resources */ = {
			isa = PBXResourcesBuildPhase;
			buildActionMask = 2147483647;
			files = (
			);
			runOnlyForDeploymentPostprocessing = 0;
		};
/* End PBXResourcesBuildPhase section */

/* Begin PBXSourcesBuildPhase section */
		49A9CDEE24CE32480061B963 /* Sources */ = {
			isa = PBXSourcesBuildPhase;
			buildActionMask = 2147483647;
			files = (
				4972771824D03E55000D87F4 /* Meal.swift in Sources */,
				4972771624D00891000D87F4 /* RatingControl.swift in Sources */,
				4945058924D345BE00EB8981 /* TestViewController.swift in Sources */,
				4972771C24D0686E000D87F4 /* MealTableViewController.swift in Sources */,
				4972771A24D06212000D87F4 /* MealTableViewCell.swift in Sources */,
				49A9CDFA24CE32480061B963 /* MealViewController.swift in Sources */,
				49A9CDF624CE32480061B963 /* AppDelegate.swift in Sources */,
				49A9CDF824CE32480061B963 /* SceneDelegate.swift in Sources */,
			);
			runOnlyForDeploymentPostprocessing = 0;
		};
		49A9CE0424CE32490061B963 /* Sources */ = {
			isa = PBXSourcesBuildPhase;
			buildActionMask = 2147483647;
			files = (
				49A9CE0D24CE32490061B963 /* HelloNewWorldTests.swift in Sources */,
			);
			runOnlyForDeploymentPostprocessing = 0;
		};
/* End PBXSourcesBuildPhase section */

/* Begin PBXTargetDependency section */
		49A9CE0A24CE32490061B963 /* PBXTargetDependency */ = {
			isa = PBXTargetDependency;
			target = 49A9CDF124CE32480061B963 /* HelloNewWorld */;
			targetProxy = 49A9CE0924CE32490061B963 /* PBXContainerItemProxy */;
		};
/* End PBXTargetDependency section */

/* Begin PBXVariantGroup section */
		49A9CDFB24CE32480061B963 /* Main.storyboard */ = {
			isa = PBXVariantGroup;
			children = (
				49A9CDFC24CE32480061B963 /* Base */,
			);
			name = Main.storyboard;
			sourceTree = "<group>";
		};
		49A9CE0024CE32480061B963 /* LaunchScreen.storyboard */ = {
			isa = PBXVariantGroup;
			children = (
				49A9CE0124CE32480061B963 /* Base */,
			);
			name = LaunchScreen.storyboard;
			sourceTree = "<group>";
		};
/* End PBXVariantGroup section */

/* Begin XCBuildConfiguration section */
		49A9CE0F24CE32490061B963 /* Debug */ = {
			isa = XCBuildConfiguration;
			buildSettings = {
				ALWAYS_SEARCH_USER_PATHS = NO;
				CLANG_ANALYZER_NONNULL = YES;
				CLANG_ANALYZER_NUMBER_OBJECT_CONVERSION = YES_AGGRESSIVE;
				CLANG_CXX_LANGUAGE_STANDARD = "gnu++14";
				CLANG_CXX_LIBRARY = "libc++";
				CLANG_ENABLE_MODULES = YES;
				CLANG_ENABLE_OBJC_ARC = YES;
				CLANG_ENABLE_OBJC_WEAK = YES;
				CLANG_WARN_BLOCK_CAPTURE_AUTORELEASING = YES;
				CLANG_WARN_BOOL_CONVERSION = YES;
				CLANG_WARN_COMMA = YES;
				CLANG_WARN_CONSTANT_CONVERSION = YES;
				CLANG_WARN_DEPRECATED_OBJC_IMPLEMENTATIONS = YES;
				CLANG_WARN_DIRECT_OBJC_ISA_USAGE = YES_ERROR;
				CLANG_WARN_DOCUMENTATION_COMMENTS = YES;
				CLANG_WARN_EMPTY_BODY = YES;
				CLANG_WARN_ENUM_CONVERSION = YES;
				CLANG_WARN_INFINITE_RECURSION = YES;
				CLANG_WARN_INT_CONVERSION = YES;
				CLANG_WARN_NON_LITERAL_NULL_CONVERSION = YES;
				CLANG_WARN_OBJC_IMPLICIT_RETAIN_SELF = YES;
				CLANG_WARN_OBJC_LITERAL_CONVERSION = YES;
				CLANG_WARN_OBJC_ROOT_CLASS = YES_ERROR;
				CLANG_WARN_RANGE_LOOP_ANALYSIS = YES;
				CLANG_WARN_STRICT_PROTOTYPES = YES;
				CLANG_WARN_SUSPICIOUS_MOVE = YES;
				CLANG_WARN_UNGUARDED_AVAILABILITY = YES_AGGRESSIVE;
				CLANG_WARN_UNREACHABLE_CODE = YES;
				CLANG_WARN__DUPLICATE_METHOD_MATCH = YES;
				COPY_PHASE_STRIP = NO;
				DEBUG_INFORMATION_FORMAT = dwarf;
				ENABLE_STRICT_OBJC_MSGSEND = YES;
				ENABLE_TESTABILITY = YES;
				GCC_C_LANGUAGE_STANDARD = gnu11;
				GCC_DYNAMIC_NO_PIC = NO;
				GCC_NO_COMMON_BLOCKS = YES;
				GCC_OPTIMIZATION_LEVEL = 0;
				GCC_PREPROCESSOR_DEFINITIONS = (
					"DEBUG=1",
					"$(inherited)",
				);
				GCC_WARN_64_TO_32_BIT_CONVERSION = YES;
				GCC_WARN_ABOUT_RETURN_TYPE = YES_ERROR;
				GCC_WARN_UNDECLARED_SELECTOR = YES;
				GCC_WARN_UNINITIALIZED_AUTOS = YES_AGGRESSIVE;
				GCC_WARN_UNUSED_FUNCTION = YES;
				GCC_WARN_UNUSED_VARIABLE = YES;
				IPHONEOS_DEPLOYMENT_TARGET = 13.6;
				MTL_ENABLE_DEBUG_INFO = INCLUDE_SOURCE;
				MTL_FAST_MATH = YES;
				ONLY_ACTIVE_ARCH = YES;
				SDKROOT = iphoneos;
				SWIFT_ACTIVE_COMPILATION_CONDITIONS = DEBUG;
				SWIFT_OPTIMIZATION_LEVEL = "-Onone";
			};
			name = Debug;
		};
		49A9CE1024CE32490061B963 /* Release */ = {
			isa = XCBuildConfiguration;
			buildSettings = {
				ALWAYS_SEARCH_USER_PATHS = NO;
				CLANG_ANALYZER_NONNULL = YES;
				CLANG_ANALYZER_NUMBER_OBJECT_CONVERSION = YES_AGGRESSIVE;
				CLANG_CXX_LANGUAGE_STANDARD = "gnu++14";
				CLANG_CXX_LIBRARY = "libc++";
				CLANG_ENABLE_MODULES = YES;
				CLANG_ENABLE_OBJC_ARC = YES;
				CLANG_ENABLE_OBJC_WEAK = YES;
				CLANG_WARN_BLOCK_CAPTURE_AUTORELEASING = YES;
				CLANG_WARN_BOOL_CONVERSION = YES;
				CLANG_WARN_COMMA = YES;
				CLANG_WARN_CONSTANT_CONVERSION = YES;
				CLANG_WARN_DEPRECATED_OBJC_IMPLEMENTATIONS = YES;
				CLANG_WARN_DIRECT_OBJC_ISA_USAGE = YES_ERROR;
				CLANG_WARN_DOCUMENTATION_COMMENTS = YES;
				CLANG_WARN_EMPTY_BODY = YES;
				CLANG_WARN_ENUM_CONVERSION = YES;
				CLANG_WARN_INFINITE_RECURSION = YES;
				CLANG_WARN_INT_CONVERSION = YES;
				CLANG_WARN_NON_LITERAL_NULL_CONVERSION = YES;
				CLANG_WARN_OBJC_IMPLICIT_RETAIN_SELF = YES;
				CLANG_WARN_OBJC_LITERAL_CONVERSION = YES;
				CLANG_WARN_OBJC_ROOT_CLASS = YES_ERROR;
				CLANG_WARN_RANGE_LOOP_ANALYSIS = YES;
				CLANG_WARN_STRICT_PROTOTYPES = YES;
				CLANG_WARN_SUSPICIOUS_MOVE = YES;
				CLANG_WARN_UNGUARDED_AVAILABILITY = YES_AGGRESSIVE;
				CLANG_WARN_UNREACHABLE_CODE = YES;
				CLANG_WARN__DUPLICATE_METHOD_MATCH = YES;
				COPY_PHASE_STRIP = NO;
				DEBUG_INFORMATION_FORMAT = "dwarf-with-dsym";
				ENABLE_NS_ASSERTIONS = NO;
				ENABLE_STRICT_OBJC_MSGSEND = YES;
				GCC_C_LANGUAGE_STANDARD = gnu11;
				GCC_NO_COMMON_BLOCKS = YES;
				GCC_WARN_64_TO_32_BIT_CONVERSION = YES;
				GCC_WARN_ABOUT_RETURN_TYPE = YES_ERROR;
				GCC_WARN_UNDECLARED_SELECTOR = YES;
				GCC_WARN_UNINITIALIZED_AUTOS = YES_AGGRESSIVE;
				GCC_WARN_UNUSED_FUNCTION = YES;
				GCC_WARN_UNUSED_VARIABLE = YES;
				IPHONEOS_DEPLOYMENT_TARGET = 13.6;
				MTL_ENABLE_DEBUG_INFO = NO;
				MTL_FAST_MATH = YES;
				SDKROOT = iphoneos;
				SWIFT_COMPILATION_MODE = wholemodule;
				SWIFT_OPTIMIZATION_LEVEL = "-O";
				VALIDATE_PRODUCT = YES;
			};
			name = Release;
		};
		49A9CE1224CE32490061B963 /* Debug */ = {
			isa = XCBuildConfiguration;
			buildSettings = {
				ASSETCATALOG_COMPILER_APPICON_NAME = AppIcon;
				CODE_SIGN_STYLE = Automatic;
				INFOPLIST_FILE = HelloNewWorld/Info.plist;
				LD_RUNPATH_SEARCH_PATHS = (
					"$(inherited)",
					"@executable_path/Frameworks",
				);
				PRODUCT_BUNDLE_IDENTIFIER = aallen.HelloNewWorld;
				PRODUCT_NAME = "$(TARGET_NAME)";
				SWIFT_VERSION = 5.0;
				TARGETED_DEVICE_FAMILY = "1,2";
			};
			name = Debug;
		};
		49A9CE1324CE32490061B963 /* Release */ = {
			isa = XCBuildConfiguration;
			buildSettings = {
				ASSETCATALOG_COMPILER_APPICON_NAME = AppIcon;
				CODE_SIGN_STYLE = Automatic;
				INFOPLIST_FILE = HelloNewWorld/Info.plist;
				LD_RUNPATH_SEARCH_PATHS = (
					"$(inherited)",
					"@executable_path/Frameworks",
				);
				PRODUCT_BUNDLE_IDENTIFIER = aallen.HelloNewWorld;
				PRODUCT_NAME = "$(TARGET_NAME)";
				SWIFT_VERSION = 5.0;
				TARGETED_DEVICE_FAMILY = "1,2";
			};
			name = Release;
		};
		49A9CE1524CE32490061B963 /* Debug */ = {
			isa = XCBuildConfiguration;
			buildSettings = {
				ALWAYS_EMBED_SWIFT_STANDARD_LIBRARIES = YES;
				BUNDLE_LOADER = "$(TEST_HOST)";
				CODE_SIGN_STYLE = Automatic;
				INFOPLIST_FILE = HelloNewWorldTests/Info.plist;
				IPHONEOS_DEPLOYMENT_TARGET = 13.6;
				LD_RUNPATH_SEARCH_PATHS = (
					"$(inherited)",
					"@executable_path/Frameworks",
					"@loader_path/Frameworks",
				);
				PRODUCT_BUNDLE_IDENTIFIER = aallen.HelloNewWorldTests;
				PRODUCT_NAME = "$(TARGET_NAME)";
				SWIFT_VERSION = 5.0;
				TARGETED_DEVICE_FAMILY = "1,2";
				TEST_HOST = "$(BUILT_PRODUCTS_DIR)/HelloNewWorld.app/HelloNewWorld";
			};
			name = Debug;
		};
		49A9CE1624CE32490061B963 /* Release */ = {
			isa = XCBuildConfiguration;
			buildSettings = {
				ALWAYS_EMBED_SWIFT_STANDARD_LIBRARIES = YES;
				BUNDLE_LOADER = "$(TEST_HOST)";
				CODE_SIGN_STYLE = Automatic;
				INFOPLIST_FILE = HelloNewWorldTests/Info.plist;
				IPHONEOS_DEPLOYMENT_TARGET = 13.6;
				LD_RUNPATH_SEARCH_PATHS = (
					"$(inherited)",
					"@executable_path/Frameworks",
					"@loader_path/Frameworks",
				);
				PRODUCT_BUNDLE_IDENTIFIER = aallen.HelloNewWorldTests;
				PRODUCT_NAME = "$(TARGET_NAME)";
				SWIFT_VERSION = 5.0;
				TARGETED_DEVICE_FAMILY = "1,2";
				TEST_HOST = "$(BUILT_PRODUCTS_DIR)/HelloNewWorld.app/HelloNewWorld";
			};
			name = Release;
		};
/* End XCBuildConfiguration section */

/* Begin XCConfigurationList section */
		49A9CDED24CE32480061B963 /* Build configuration list for PBXProject "HelloNewWorld" */ = {
			isa = XCConfigurationList;
			buildConfigurations = (
				49A9CE0F24CE32490061B963 /* Debug */,
				49A9CE1024CE32490061B963 /* Release */,
			);
			defaultConfigurationIsVisible = 0;
			defaultConfigurationName = Release;
		};
		49A9CE1124CE32490061B963 /* Build configuration list for PBXNativeTarget "HelloNewWorld" */ = {
			isa = XCConfigurationList;
			buildConfigurations = (
				49A9CE1224CE32490061B963 /* Debug */,
				49A9CE1324CE32490061B963 /* Release */,
			);
			defaultConfigurationIsVisible = 0;
			defaultConfigurationName = Release;
		};
		49A9CE1424CE32490061B963 /* Build configuration list for PBXNativeTarget "HelloNewWorldTests" */ = {
			isa = XCConfigurationList;
			buildConfigurations = (
				49A9CE1524CE32490061B963 /* Debug */,
				49A9CE1624CE32490061B963 /* Release */,
			);
			defaultConfigurationIsVisible = 0;
			defaultConfigurationName = Release;
		};
/* End XCConfigurationList section */
	};
	rootObject = 49A9CDEA24CE32480061B963 /* Project object */;
}
